
Microsoft Visual Studio Solution File, Format Version 12.00
# Visual Studio Version 17
VisualStudioVersion = 17.14.37203.1 d17.14
MinimumVisualStudioVersion = 10.0.40219.1
Project("{FAE04EC0-301F-11D3-BF4B-00C04F79EFBC}") = "AWIPS", "AWIPS\AWIPS.csproj", "{AA6A2685-992A-4A9C-A309-EBE81AD86620}"
EndProject
Global
	GlobalSection(SolutionConfigurationPlatforms) = preSolution
		Debug|Any CPU = Debug|Any CPU
		Release|Any CPU = Release|Any CPU
	EndGlobalSection
	GlobalSection(ProjectConfigurationPlatforms) = postSolution
		{AA6A2685-992A-4A9C-A309-EBE81AD86620}.Debug|Any CPU.ActiveCfg = Debug|Any CPU
		{AA6A2685-992A-4A9C-A309-EBE81AD86620}.Debug|Any CPU.Build.0 = Debug|Any CPU
		{AA6A2685-992A-4A9C-A309-EBE81AD86620}.Release|Any CPU.ActiveCfg = Release|Any CPU
		{AA6A2685-992A-4A9C-A309-EBE81AD86620}.Release|Any CPU.Build.0 = Release|Any CPU
	EndGlobalSection
	GlobalSection(SolutionProperties) = preSolution
		HideSolutionNode = FALSE
	EndGlobalSection
	GlobalSection(ExtensibilityGlobals) = postSolution
		SolutionGuid = {ABE0C611-DA08-4DB2-B0D0-9A09D30A1954}
	EndGlobalSection
EndGlobal
